
Microsoft Visual Studio Solution File, Format Version 12.00
# Visual Studio Version 17
VisualStudioVersion = 17.4.33213.308
MinimumVisualStudioVersion = 10.0.40219.1
Project("{9A19103F-16F7-4668-BE54-9A1E7A4F7556}") = "SCControlsExtended", "SCControlsExtended\SCControlsExtended.csproj", "{8C2F2A4E-C24F-42FB-8A3A-B0C6671B4623}"
EndProject
Project("{9A19103F-16F7-4668-BE54-9A1E7A4F7556}") = "SCControlsExtended.Demo", "SCControlsExtended.Demo\SCControlsExtended.Demo.csproj", "{DD88F4F2-B6A2-4EF1-AAAC-40569521C896}"
EndProject
Project("{9A19103F-16F7-4668-BE54-9A1E7A4F7556}") = "SCControlsExtended.Tests", "SCControlsExtended.Tests\SCControlsExtended.Tests.csproj", "{34BEDDFD-DADE-41E9-9626-668BBDE96740}"
EndProject
Global
	GlobalSection(SolutionConfigurationPlatforms) = preSolution
		Debug|Any CPU = Debug|Any CPU
		Release|Any CPU = Release|Any CPU
	EndGlobalSection
	GlobalSection(ProjectConfigurationPlatforms) = postSolution
		{8C2F2A4E-C24F-42FB-8A3A-B0C6671B4623}.Debug|Any CPU.ActiveCfg = Debug|Any CPU
		{8C2F2A4E-C24F-42FB-8A3A-B0C6671B4623}.Debug|Any CPU.Build.0 = Debug|Any CPU
		{8C2F2A4E-C24F-42FB-8A3A-B0C6671B4623}.Release|Any CPU.ActiveCfg = Release|Any CPU
		{8C2F2A4E-C24F-42FB-8A3A-B0C6671B4623}.Release|Any CPU.Build.0 = Release|Any CPU
		{DD88F4F2-B6A2-4EF1-AAAC-40569521C896}.Debug|Any CPU.ActiveCfg = Debug|Any CPU
		{DD88F4F2-B6A2-4EF1-AAAC-40569521C896}.Debug|Any CPU.Build.0 = Debug|Any CPU
		{DD88F4F2-B6A2-4EF1-AAAC-40569521C896}.Release|Any CPU.ActiveCfg = Release|Any CPU
		{DD88F4F2-B6A2-4EF1-AAAC-40569521C896}.Release|Any CPU.Build.0 = Release|Any CPU
		{34BEDDFD-DADE-41E9-9626-668BBDE96740}.Debug|Any CPU.ActiveCfg = Debug|Any CPU
		{34BEDDFD-DADE-41E9-9626-668BBDE96740}.Debug|Any CPU.Build.0 = Debug|Any CPU
		{34BEDDFD-DADE-41E9-9626-668BBDE96740}.Release|Any CPU.ActiveCfg = Release|Any CPU
		{34BEDDFD-DADE-41E9-9626-668BBDE96740}.Release|Any CPU.Build.0 = Release|Any CPU
	EndGlobalSection
	GlobalSection(SolutionProperties) = preSolution
		HideSolutionNode = FALSE
	EndGlobalSection
	GlobalSection(ExtensibilityGlobals) = postSolution
		SolutionGuid = {4A9CFFAE-A40C-4B8B-BBD6-2FFD844D3679}
	EndGlobalSection
EndGlobal
